// !$*UTF8*$!
{
	archiveVersion = 1;
	classes = {
	};
	objectVersion = 51;
	objects = {

/* Begin PBXBuildFile section */
		6BA592F6DBCF488184896AB0 /* Pods_SearchCleanRxTests.framework in Frameworks */ = {isa = PBXBuildFile; fileRef = C6EDDD83037DFE873B6910CC /* Pods_SearchCleanRxTests.framework */; };
		7610DC7DB2A2260477D4E8E7 /* Pods_SearchCleanRx_SearchCleanRxUITests.framework in Frameworks */ = {isa = PBXBuildFile; fileRef = 3662E4369CAE175A9705F9D1 /* Pods_SearchCleanRx_SearchCleanRxUITests.framework */; };
		8D166AA1267C31D500EA2D3B /* SearchViewModel.swift in Sources */ = {isa = PBXBuildFile; fileRef = 8D166AA0267C31D500EA2D3B /* SearchViewModel.swift */; };
		8D166AB0267C327200EA2D3B /* SearchUseCase.swift in Sources */ = {isa = PBXBuildFile; fileRef = 8D166AAF267C327200EA2D3B /* SearchUseCase.swift */; };
		8D166AC7267C578F00EA2D3B /* ViewModelType.swift in Sources */ = {isa = PBXBuildFile; fileRef = 8D166AC6267C578F00EA2D3B /* ViewModelType.swift */; };
		8D166B26267C69E100EA2D3B /* SearchResult.swift in Sources */ = {isa = PBXBuildFile; fileRef = 8D166B25267C69E100EA2D3B /* SearchResult.swift */; };
		8D166B30267C6D7600EA2D3B /* SearchUseCaseNetwork.swift in Sources */ = {isa = PBXBuildFile; fileRef = 8D166B2F267C6D7600EA2D3B /* SearchUseCaseNetwork.swift */; };
		8D166B49267C6E7A00EA2D3B /* HttpMethod.swift in Sources */ = {isa = PBXBuildFile; fileRef = 8D166B46267C6E7A00EA2D3B /* HttpMethod.swift */; };
		8D166B4A267C6E7A00EA2D3B /* NetworkInfo.swift in Sources */ = {isa = PBXBuildFile; fileRef = 8D166B47267C6E7A00EA2D3B /* NetworkInfo.swift */; };
		8D166B4B267C6E7A00EA2D3B /* Serviceable.swift in Sources */ = {isa = PBXBuildFile; fileRef = 8D166B48267C6E7A00EA2D3B /* Serviceable.swift */; };
		8D166B90267C78D500EA2D3B /* Encoder.swift in Sources */ = {isa = PBXBuildFile; fileRef = 8D166B8E267C78D500EA2D3B /* Encoder.swift */; };
		8D166B91267C78D500EA2D3B /* Encodable.swift in Sources */ = {isa = PBXBuildFile; fileRef = 8D166B8F267C78D500EA2D3B /* Encodable.swift */; };
		8D166B97267C793100EA2D3B /* Search.swift in Sources */ = {isa = PBXBuildFile; fileRef = 8D166B96267C793100EA2D3B /* Search.swift */; };
		8D72B09726802595009FB720 /* SearchResultViewController.swift in Sources */ = {isa = PBXBuildFile; fileRef = 8D72B09626802595009FB720 /* SearchResultViewController.swift */; };
		8D72B09F268025A3009FB720 /* SearchResultViewModel.swift in Sources */ = {isa = PBXBuildFile; fileRef = 8D72B09E268025A3009FB720 /* SearchResultViewModel.swift */; };
		8D9F9ABD267B2C76003EC752 /* AppDelegate.swift in Sources */ = {isa = PBXBuildFile; fileRef = 8D9F9ABC267B2C76003EC752 /* AppDelegate.swift */; };
		8D9F9ABF267B2C76003EC752 /* SceneDelegate.swift in Sources */ = {isa = PBXBuildFile; fileRef = 8D9F9ABE267B2C76003EC752 /* SceneDelegate.swift */; };
		8D9F9AC1267B2C76003EC752 /* SearchViewController.swift in Sources */ = {isa = PBXBuildFile; fileRef = 8D9F9AC0267B2C76003EC752 /* SearchViewController.swift */; };
		8D9F9AC4267B2C76003EC752 /* Main.storyboard in Resources */ = {isa = PBXBuildFile; fileRef = 8D9F9AC2267B2C76003EC752 /* Main.storyboard */; };
		8D9F9AC6267B2C77003EC752 /* Assets.xcassets in Resources */ = {isa = PBXBuildFile; fileRef = 8D9F9AC5267B2C77003EC752 /* Assets.xcassets */; };
		8D9F9AC9267B2C77003EC752 /* LaunchScreen.storyboard in Resources */ = {isa = PBXBuildFile; fileRef = 8D9F9AC7267B2C77003EC752 /* LaunchScreen.storyboard */; };
		8D9F9AD4267B2C77003EC752 /* SearchCleanRxTests.swift in Sources */ = {isa = PBXBuildFile; fileRef = 8D9F9AD3267B2C77003EC752 /* SearchCleanRxTests.swift */; };
		8D9F9ADF267B2C77003EC752 /* SearchCleanRxUITests.swift in Sources */ = {isa = PBXBuildFile; fileRef = 8D9F9ADE267B2C77003EC752 /* SearchCleanRxUITests.swift */; };
		E6BC71FAD1D701D7BC0A67EB /* Pods_SearchCleanRx.framework in Frameworks */ = {isa = PBXBuildFile; fileRef = 45B7FAD2C111910C576D43C9 /* Pods_SearchCleanRx.framework */; };
/* End PBXBuildFile section */

/* Begin PBXContainerItemProxy section */
		8D9F9AD0267B2C77003EC752 /* PBXContainerItemProxy */ = {
			isa = PBXContainerItemProxy;
			containerPortal = 8D9F9AB1267B2C76003EC752 /* Project object */;
			proxyType = 1;
			remoteGlobalIDString = 8D9F9AB8267B2C76003EC752;
			remoteInfo = SearchCleanRx;
		};
		8D9F9ADB267B2C77003EC752 /* PBXContainerItemProxy */ = {
			isa = PBXContainerItemProxy;
			containerPortal = 8D9F9AB1267B2C76003EC752 /* Project object */;
			proxyType = 1;
			remoteGlobalIDString = 8D9F9AB8267B2C76003EC752;
			remoteInfo = SearchCleanRx;
		};
/* End PBXContainerItemProxy section */

/* Begin PBXFileReference section */
		3662E4369CAE175A9705F9D1 /* Pods_SearchCleanRx_SearchCleanRxUITests.framework */ = {isa = PBXFileReference; explicitFileType = wrapper.framework; includeInIndex = 0; path = Pods_SearchCleanRx_SearchCleanRxUITests.framework; sourceTree = BUILT_PRODUCTS_DIR; };
		45B7FAD2C111910C576D43C9 /* Pods_SearchCleanRx.framework */ = {isa = PBXFileReference; explicitFileType = wrapper.framework; includeInIndex = 0; path = Pods_SearchCleanRx.framework; sourceTree = BUILT_PRODUCTS_DIR; };
		5C92A1BCA2575E2EE8D039EF /* Pods-SearchCleanRxTests.debug.xcconfig */ = {isa = PBXFileReference; includeInIndex = 1; lastKnownFileType = text.xcconfig; name = "Pods-SearchCleanRxTests.debug.xcconfig"; path = "Target Support Files/Pods-SearchCleanRxTests/Pods-SearchCleanRxTests.debug.xcconfig"; sourceTree = "<group>"; };
		85269889C4C404B3FDC8AF26 /* Pods-SearchCleanRx-SearchCleanRxUITests.debug.xcconfig */ = {isa = PBXFileReference; includeInIndex = 1; lastKnownFileType = text.xcconfig; name = "Pods-SearchCleanRx-SearchCleanRxUITests.debug.xcconfig"; path = "Target Support Files/Pods-SearchCleanRx-SearchCleanRxUITests/Pods-SearchCleanRx-SearchCleanRxUITests.debug.xcconfig"; sourceTree = "<group>"; };
		8D166AA0267C31D500EA2D3B /* SearchViewModel.swift */ = {isa = PBXFileReference; lastKnownFileType = sourcecode.swift; path = SearchViewModel.swift; sourceTree = "<group>"; };
		8D166AAF267C327200EA2D3B /* SearchUseCase.swift */ = {isa = PBXFileReference; lastKnownFileType = sourcecode.swift; path = SearchUseCase.swift; sourceTree = "<group>"; };
		8D166AC6267C578F00EA2D3B /* ViewModelType.swift */ = {isa = PBXFileReference; lastKnownFileType = sourcecode.swift; path = ViewModelType.swift; sourceTree = "<group>"; };
		8D166B25267C69E100EA2D3B /* SearchResult.swift */ = {isa = PBXFileReference; lastKnownFileType = sourcecode.swift; path = SearchResult.swift; sourceTree = "<group>"; };
		8D166B2F267C6D7600EA2D3B /* SearchUseCaseNetwork.swift */ = {isa = PBXFileReference; lastKnownFileType = sourcecode.swift; path = SearchUseCaseNetwork.swift; sourceTree = "<group>"; };
		8D166B46267C6E7A00EA2D3B /* HttpMethod.swift */ = {isa = PBXFileReference; fileEncoding = 4; lastKnownFileType = sourcecode.swift; path = HttpMethod.swift; sourceTree = "<group>"; };
		8D166B47267C6E7A00EA2D3B /* NetworkInfo.swift */ = {isa = PBXFileReference; fileEncoding = 4; lastKnownFileType = sourcecode.swift; path = NetworkInfo.swift; sourceTree = "<group>"; };
		8D166B48267C6E7A00EA2D3B /* Serviceable.swift */ = {isa = PBXFileReference; fileEncoding = 4; lastKnownFileType = sourcecode.swift; path = Serviceable.swift; sourceTree = "<group>"; };
		8D166B8E267C78D500EA2D3B /* Encoder.swift */ = {isa = PBXFileReference; fileEncoding = 4; lastKnownFileType = sourcecode.swift; path = Encoder.swift; sourceTree = "<group>"; };
		8D166B8F267C78D500EA2D3B /* Encodable.swift */ = {isa = PBXFileReference; fileEncoding = 4; lastKnownFileType = sourcecode.swift; path = Encodable.swift; sourceTree = "<group>"; };
		8D166B96267C793100EA2D3B /* Search.swift */ = {isa = PBXFileReference; lastKnownFileType = sourcecode.swift; path = Search.swift; sourceTree = "<group>"; };
		8D72B09626802595009FB720 /* SearchResultViewController.swift */ = {isa = PBXFileReference; lastKnownFileType = sourcecode.swift; path = SearchResultViewController.swift; sourceTree = "<group>"; };
		8D72B09E268025A3009FB720 /* SearchResultViewModel.swift */ = {isa = PBXFileReference; lastKnownFileType = sourcecode.swift; path = SearchResultViewModel.swift; sourceTree = "<group>"; };
		8D9F9AB9267B2C76003EC752 /* SearchCleanRx.app */ = {isa = PBXFileReference; explicitFileType = wrapper.application; includeInIndex = 0; path = SearchCleanRx.app; sourceTree = BUILT_PRODUCTS_DIR; };
		8D9F9ABC267B2C76003EC752 /* AppDelegate.swift */ = {isa = PBXFileReference; lastKnownFileType = sourcecode.swift; path = AppDelegate.swift; sourceTree = "<group>"; };
		8D9F9ABE267B2C76003EC752 /* SceneDelegate.swift */ = {isa = PBXFileReference; lastKnownFileType = sourcecode.swift; path = SceneDelegate.swift; sourceTree = "<group>"; };
		8D9F9AC0267B2C76003EC752 /* SearchViewController.swift */ = {isa = PBXFileReference; lastKnownFileType = sourcecode.swift; path = SearchViewController.swift; sourceTree = "<group>"; };
		8D9F9AC3267B2C76003EC752 /* Base */ = {isa = PBXFileReference; lastKnownFileType = file.storyboard; name = Base; path = Base.lproj/Main.storyboard; sourceTree = "<group>"; };
		8D9F9AC5267B2C77003EC752 /* Assets.xcassets */ = {isa = PBXFileReference; lastKnownFileType = folder.assetcatalog; path = Assets.xcassets; sourceTree = "<group>"; };
		8D9F9AC8267B2C77003EC752 /* Base */ = {isa = PBXFileReference; lastKnownFileType = file.storyboard; name = Base; path = Base.lproj/LaunchScreen.storyboard; sourceTree = "<group>"; };
		8D9F9ACA267B2C77003EC752 /* Info.plist */ = {isa = PBXFileReference; lastKnownFileType = text.plist.xml; path = Info.plist; sourceTree = "<group>"; };
		8D9F9ACF267B2C77003EC752 /* SearchCleanRxTests.xctest */ = {isa = PBXFileReference; explicitFileType = wrapper.cfbundle; includeInIndex = 0; path = SearchCleanRxTests.xctest; sourceTree = BUILT_PRODUCTS_DIR; };
		8D9F9AD3267B2C77003EC752 /* SearchCleanRxTests.swift */ = {isa = PBXFileReference; lastKnownFileType = sourcecode.swift; path = SearchCleanRxTests.swift; sourceTree = "<group>"; };
		8D9F9AD5267B2C77003EC752 /* Info.plist */ = {isa = PBXFileReference; lastKnownFileType = text.plist.xml; path = Info.plist; sourceTree = "<group>"; };
		8D9F9ADA267B2C77003EC752 /* SearchCleanRxUITests.xctest */ = {isa = PBXFileReference; explicitFileType = wrapper.cfbundle; includeInIndex = 0; path = SearchCleanRxUITests.xctest; sourceTree = BUILT_PRODUCTS_DIR; };
		8D9F9ADE267B2C77003EC752 /* SearchCleanRxUITests.swift */ = {isa = PBXFileReference; lastKnownFileType = sourcecode.swift; path = SearchCleanRxUITests.swift; sourceTree = "<group>"; };
		8D9F9AE0267B2C77003EC752 /* Info.plist */ = {isa = PBXFileReference; lastKnownFileType = text.plist.xml; path = Info.plist; sourceTree = "<group>"; };
		B780AE7D075C69925C8C98C4 /* Pods-SearchCleanRxTests.release.xcconfig */ = {isa = PBXFileReference; includeInIndex = 1; lastKnownFileType = text.xcconfig; name = "Pods-SearchCleanRxTests.release.xcconfig"; path = "Target Support Files/Pods-SearchCleanRxTests/Pods-SearchCleanRxTests.release.xcconfig"; sourceTree = "<group>"; };
		C6EDDD83037DFE873B6910CC /* Pods_SearchCleanRxTests.framework */ = {isa = PBXFileReference; explicitFileType = wrapper.framework; includeInIndex = 0; path = Pods_SearchCleanRxTests.framework; sourceTree = BUILT_PRODUCTS_DIR; };
		CBDC290CDB2E9AEB5DE54698 /* Pods-SearchCleanRx-SearchCleanRxUITests.release.xcconfig */ = {isa = PBXFileReference; includeInIndex = 1; lastKnownFileType = text.xcconfig; name = "Pods-SearchCleanRx-SearchCleanRxUITests.release.xcconfig"; path = "Target Support Files/Pods-SearchCleanRx-SearchCleanRxUITests/Pods-SearchCleanRx-SearchCleanRxUITests.release.xcconfig"; sourceTree = "<group>"; };
		D71B38FF1F2A0BA174333481 /* Pods-SearchCleanRx.release.xcconfig */ = {isa = PBXFileReference; includeInIndex = 1; lastKnownFileType = text.xcconfig; name = "Pods-SearchCleanRx.release.xcconfig"; path = "Target Support Files/Pods-SearchCleanRx/Pods-SearchCleanRx.release.xcconfig"; sourceTree = "<group>"; };
		DD4B29DC73F88D1E307E969C /* Pods-SearchCleanRx.debug.xcconfig */ = {isa = PBXFileReference; includeInIndex = 1; lastKnownFileType = text.xcconfig; name = "Pods-SearchCleanRx.debug.xcconfig"; path = "Target Support Files/Pods-SearchCleanRx/Pods-SearchCleanRx.debug.xcconfig"; sourceTree = "<group>"; };
/* End PBXFileReference section */

/* Begin PBXFrameworksBuildPhase section */
		8D9F9AB6267B2C76003EC752 /* Frameworks */ = {
			isa = PBXFrameworksBuildPhase;
			buildActionMask = 2147483647;
			files = (
				E6BC71FAD1D701D7BC0A67EB /* Pods_SearchCleanRx.framework in Frameworks */,
			);
			runOnlyForDeploymentPostprocessing = 0;
		};
		8D9F9ACC267B2C77003EC752 /* Frameworks */ = {
			isa = PBXFrameworksBuildPhase;
			buildActionMask = 2147483647;
			files = (
				6BA592F6DBCF488184896AB0 /* Pods_SearchCleanRxTests.framework in Frameworks */,
			);
			runOnlyForDeploymentPostprocessing = 0;
		};
		8D9F9AD7267B2C77003EC752 /* Frameworks */ = {
			isa = PBXFrameworksBuildPhase;
			buildActionMask = 2147483647;
			files = (
				7610DC7DB2A2260477D4E8E7 /* Pods_SearchCleanRx_SearchCleanRxUITests.framework in Frameworks */,
			);
			runOnlyForDeploymentPostprocessing = 0;
		};
/* End PBXFrameworksBuildPhase section */

/* Begin PBXGroup section */
		262B3ABF8C053793B64913FD /* Frameworks */ = {
			isa = PBXGroup;
			children = (
				45B7FAD2C111910C576D43C9 /* Pods_SearchCleanRx.framework */,
				3662E4369CAE175A9705F9D1 /* Pods_SearchCleanRx_SearchCleanRxUITests.framework */,
				C6EDDD83037DFE873B6910CC /* Pods_SearchCleanRxTests.framework */,
			);
			name = Frameworks;
			sourceTree = "<group>";
		};
		27BFD51D877A4133B102F938 /* Pods */ = {
			isa = PBXGroup;
			children = (
				DD4B29DC73F88D1E307E969C /* Pods-SearchCleanRx.debug.xcconfig */,
				D71B38FF1F2A0BA174333481 /* Pods-SearchCleanRx.release.xcconfig */,
				85269889C4C404B3FDC8AF26 /* Pods-SearchCleanRx-SearchCleanRxUITests.debug.xcconfig */,
				CBDC290CDB2E9AEB5DE54698 /* Pods-SearchCleanRx-SearchCleanRxUITests.release.xcconfig */,
				5C92A1BCA2575E2EE8D039EF /* Pods-SearchCleanRxTests.debug.xcconfig */,
				B780AE7D075C69925C8C98C4 /* Pods-SearchCleanRxTests.release.xcconfig */,
			);
			path = Pods;
			sourceTree = "<group>";
		};
		8D166A91267C2E3700EA2D3B /* Presentation Layer(Scene) */ = {
			isa = PBXGroup;
			children = (
				8D72B09526802581009FB720 /* SearchResult */,
				8D166AC5267C578500EA2D3B /* Common */,
				8D166A9F267C31AF00EA2D3B /* Search */,
			);
			path = "Presentation Layer(Scene)";
			sourceTree = "<group>";
		};
		8D166A93267C2EA500EA2D3B /* Domain Layer */ = {
			isa = PBXGroup;
			children = (
				8D166AAE267C325800EA2D3B /* Usecases */,
				8D166AAD267C325400EA2D3B /* Entries */,
			);
			path = "Domain Layer";
			sourceTree = "<group>";
		};
		8D166A94267C2EA900EA2D3B /* Data Layer */ = {
			isa = PBXGroup;
			children = (
				8D166AB8267C32F200EA2D3B /* Network */,
			);
			path = "Data Layer";
			sourceTree = "<group>";
		};
		8D166A95267C2ED400EA2D3B /* App */ = {
			isa = PBXGroup;
			children = (
				8D9F9AC2267B2C76003EC752 /* Main.storyboard */,
				8D9F9ABC267B2C76003EC752 /* AppDelegate.swift */,
				8D9F9ABE267B2C76003EC752 /* SceneDelegate.swift */,
				8D9F9AC5267B2C77003EC752 /* Assets.xcassets */,
				8D9F9AC7267B2C77003EC752 /* LaunchScreen.storyboard */,
				8D9F9ACA267B2C77003EC752 /* Info.plist */,
			);
			path = App;
			sourceTree = "<group>";
		};
		8D166A9F267C31AF00EA2D3B /* Search */ = {
			isa = PBXGroup;
			children = (
				8D9F9AC0267B2C76003EC752 /* SearchViewController.swift */,
				8D166AA0267C31D500EA2D3B /* SearchViewModel.swift */,
			);
			path = Search;
			sourceTree = "<group>";
		};
		8D166AAD267C325400EA2D3B /* Entries */ = {
			isa = PBXGroup;
			children = (
				8D166B25267C69E100EA2D3B /* SearchResult.swift */,
				8D166B96267C793100EA2D3B /* Search.swift */,
			);
			path = Entries;
			sourceTree = "<group>";
		};
		8D166AAE267C325800EA2D3B /* Usecases */ = {
			isa = PBXGroup;
			children = (
				8D166AAF267C327200EA2D3B /* SearchUseCase.swift */,
			);
			path = Usecases;
			sourceTree = "<group>";
		};
		8D166AB7267C32BE00EA2D3B /* Utility */ = {
			isa = PBXGroup;
			children = (
			);
			path = Utility;
			sourceTree = "<group>";
		};
		8D166AB8267C32F200EA2D3B /* Network */ = {
			isa = PBXGroup;
			children = (
				8D166B8F267C78D500EA2D3B /* Encodable.swift */,
				8D166B8E267C78D500EA2D3B /* Encoder.swift */,
				8D166B46267C6E7A00EA2D3B /* HttpMethod.swift */,
				8D166B47267C6E7A00EA2D3B /* NetworkInfo.swift */,
				8D166B48267C6E7A00EA2D3B /* Serviceable.swift */,
				8D166B2D267C6D5800EA2D3B /* UseCases */,
			);
			path = Network;
			sourceTree = "<group>";
		};
		8D166AC5267C578500EA2D3B /* Common */ = {
			isa = PBXGroup;
			children = (
				8D166AC6267C578F00EA2D3B /* ViewModelType.swift */,
			);
			path = Common;
			sourceTree = "<group>";
		};
		8D166B2D267C6D5800EA2D3B /* UseCases */ = {
			isa = PBXGroup;
			children = (
				8D166B2F267C6D7600EA2D3B /* SearchUseCaseNetwork.swift */,
			);
			path = UseCases;
			sourceTree = "<group>";
		};
		8D72B09526802581009FB720 /* SearchResult */ = {
			isa = PBXGroup;
			children = (
				8D72B09626802595009FB720 /* SearchResultViewController.swift */,
				8D72B09E268025A3009FB720 /* SearchResultViewModel.swift */,
			);
			path = SearchResult;
			sourceTree = "<group>";
		};
		8D9F9AB0267B2C76003EC752 = {
			isa = PBXGroup;
			children = (
				8D9F9ABB267B2C76003EC752 /* SearchCleanRx */,
				8D9F9AD2267B2C77003EC752 /* SearchCleanRxTests */,
				8D9F9ADD267B2C77003EC752 /* SearchCleanRxUITests */,
				8D9F9ABA267B2C76003EC752 /* Products */,
				27BFD51D877A4133B102F938 /* Pods */,
				262B3ABF8C053793B64913FD /* Frameworks */,
			);
			sourceTree = "<group>";
		};
		8D9F9ABA267B2C76003EC752 /* Products */ = {
			isa = PBXGroup;
			children = (
				8D9F9AB9267B2C76003EC752 /* SearchCleanRx.app */,
				8D9F9ACF267B2C77003EC752 /* SearchCleanRxTests.xctest */,
				8D9F9ADA267B2C77003EC752 /* SearchCleanRxUITests.xctest */,
			);
			name = Products;
			sourceTree = "<group>";
		};
		8D9F9ABB267B2C76003EC752 /* SearchCleanRx */ = {
			isa = PBXGroup;
			children = (
				8D166AB7267C32BE00EA2D3B /* Utility */,
				8D166A95267C2ED400EA2D3B /* App */,
				8D166A91267C2E3700EA2D3B /* Presentation Layer(Scene) */,
				8D166A93267C2EA500EA2D3B /* Domain Layer */,
				8D166A94267C2EA900EA2D3B /* Data Layer */,
			);
			path = SearchCleanRx;
			sourceTree = "<group>";
		};
		8D9F9AD2267B2C77003EC752 /* SearchCleanRxTests */ = {
			isa = PBXGroup;
			children = (
				8D9F9AD3267B2C77003EC752 /* SearchCleanRxTests.swift */,
				8D9F9AD5267B2C77003EC752 /* Info.plist */,
			);
			path = SearchCleanRxTests;
			sourceTree = "<group>";
		};
		8D9F9ADD267B2C77003EC752 /* SearchCleanRxUITests */ = {
			isa = PBXGroup;
			children = (
				8D9F9ADE267B2C77003EC752 /* SearchCleanRxUITests.swift */,
				8D9F9AE0267B2C77003EC752 /* Info.plist */,
			);
			path = SearchCleanRxUITests;
			sourceTree = "<group>";
		};
/* End PBXGroup section */

/* Begin PBXNativeTarget section */
		8D9F9AB8267B2C76003EC752 /* SearchCleanRx */ = {
			isa = PBXNativeTarget;
			buildConfigurationList = 8D9F9AE3267B2C77003EC752 /* Build configuration list for PBXNativeTarget "SearchCleanRx" */;
			buildPhases = (
				D56F9A3AD182675E74473336 /* [CP] Check Pods Manifest.lock */,
				8D9F9AB5267B2C76003EC752 /* Sources */,
				8D9F9AB6267B2C76003EC752 /* Frameworks */,
				8D9F9AB7267B2C76003EC752 /* Resources */,
				AE864F964FE4772E52ECF1E3 /* [CP] Embed Pods Frameworks */,
			);
			buildRules = (
			);
			dependencies = (
			);
			name = SearchCleanRx;
			productName = SearchCleanRx;
			productReference = 8D9F9AB9267B2C76003EC752 /* SearchCleanRx.app */;
			productType = "com.apple.product-type.application";
		};
		8D9F9ACE267B2C77003EC752 /* SearchCleanRxTests */ = {
			isa = PBXNativeTarget;
			buildConfigurationList = 8D9F9AE6267B2C77003EC752 /* Build configuration list for PBXNativeTarget "SearchCleanRxTests" */;
			buildPhases = (
				7F9930F1C59AB625409D14B5 /* [CP] Check Pods Manifest.lock */,
				8D9F9ACB267B2C77003EC752 /* Sources */,
				8D9F9ACC267B2C77003EC752 /* Frameworks */,
				8D9F9ACD267B2C77003EC752 /* Resources */,
			);
			buildRules = (
			);
			dependencies = (
				8D9F9AD1267B2C77003EC752 /* PBXTargetDependency */,
			);
			name = SearchCleanRxTests;
			productName = SearchCleanRxTests;
			productReference = 8D9F9ACF267B2C77003EC752 /* SearchCleanRxTests.xctest */;
			productType = "com.apple.product-type.bundle.unit-test";
		};
		8D9F9AD9267B2C77003EC752 /* SearchCleanRxUITests */ = {
			isa = PBXNativeTarget;
			buildConfigurationList = 8D9F9AE9267B2C77003EC752 /* Build configuration list for PBXNativeTarget "SearchCleanRxUITests" */;
			buildPhases = (
				DA57E2427CD35B3F525DE468 /* [CP] Check Pods Manifest.lock */,
				8D9F9AD6267B2C77003EC752 /* Sources */,
				8D9F9AD7267B2C77003EC752 /* Frameworks */,
				8D9F9AD8267B2C77003EC752 /* Resources */,
				B3A752902F60E4C2200DEB4C /* [CP] Embed Pods Frameworks */,
			);
			buildRules = (
			);
			dependencies = (
				8D9F9ADC267B2C77003EC752 /* PBXTargetDependency */,
			);
			name = SearchCleanRxUITests;
			productName = SearchCleanRxUITests;
			productReference = 8D9F9ADA267B2C77003EC752 /* SearchCleanRxUITests.xctest */;
			productType = "com.apple.product-type.bundle.ui-testing";
		};
/* End PBXNativeTarget section */

/* Begin PBXProject section */
		8D9F9AB1267B2C76003EC752 /* Project object */ = {
			isa = PBXProject;
			attributes = {
				LastSwiftUpdateCheck = 1240;
				LastUpgradeCheck = 1240;
				TargetAttributes = {
					8D9F9AB8267B2C76003EC752 = {
						CreatedOnToolsVersion = 12.4;
					};
					8D9F9ACE267B2C77003EC752 = {
						CreatedOnToolsVersion = 12.4;
						TestTargetID = 8D9F9AB8267B2C76003EC752;
					};
					8D9F9AD9267B2C77003EC752 = {
						CreatedOnToolsVersion = 12.4;
						TestTargetID = 8D9F9AB8267B2C76003EC752;
					};
				};
			};
			buildConfigurationList = 8D9F9AB4267B2C76003EC752 /* Build configuration list for PBXProject "SearchCleanRx" */;
			compatibilityVersion = "Xcode 9.3";
			developmentRegion = en;
			hasScannedForEncodings = 0;
			knownRegions = (
				en,
				Base,
			);
			mainGroup = 8D9F9AB0267B2C76003EC752;
			productRefGroup = 8D9F9ABA267B2C76003EC752 /* Products */;
			projectDirPath = "";
			projectRoot = "";
			targets = (
				8D9F9AB8267B2C76003EC752 /* SearchCleanRx */,
				8D9F9ACE267B2C77003EC752 /* SearchCleanRxTests */,
				8D9F9AD9267B2C77003EC752 /* SearchCleanRxUITests */,
			);
		};
/* End PBXProject section */

/* Begin PBXResourcesBuildPhase section */
		8D9F9AB7267B2C76003EC752 /* Resources */ = {
			isa = PBXResourcesBuildPhase;
			buildActionMask = 2147483647;
			files = (
				8D9F9AC9267B2C77003EC752 /* LaunchScreen.storyboard in Resources */,
				8D9F9AC6267B2C77003EC752 /* Assets.xcassets in Resources */,
				8D9F9AC4267B2C76003EC752 /* Main.storyboard in Resources */,
			);
			runOnlyForDeploymentPostprocessing = 0;
		};
		8D9F9ACD267B2C77003EC752 /* Resources */ = {
			isa = PBXResourcesBuildPhase;
			buildActionMask = 2147483647;
			files = (
			);
			runOnlyForDeploymentPostprocessing = 0;
		};
		8D9F9AD8267B2C77003EC752 /* Resources */ = {
			isa = PBXResourcesBuildPhase;
			buildActionMask = 2147483647;
			files = (
			);
			runOnlyForDeploymentPostprocessing = 0;
		};
/* End PBXResourcesBuildPhase section */

/* Begin PBXShellScriptBuildPhase section */
		7F9930F1C59AB625409D14B5 /* [CP] Check Pods Manifest.lock */ = {
			isa = PBXShellScriptBuildPhase;
			buildActionMask = 2147483647;
			files = (
			);
			inputFileListPaths = (
			);
			inputPaths = (
				"${PODS_PODFILE_DIR_PATH}/Podfile.lock",
				"${PODS_ROOT}/Manifest.lock",
			);
			name = "[CP] Check Pods Manifest.lock";
			outputFileListPaths = (
			);
			outputPaths = (
				"$(DERIVED_FILE_DIR)/Pods-SearchCleanRxTests-checkManifestLockResult.txt",
			);
			runOnlyForDeploymentPostprocessing = 0;
			shellPath = /bin/sh;
			shellScript = "diff \"${PODS_PODFILE_DIR_PATH}/Podfile.lock\" \"${PODS_ROOT}/Manifest.lock\" > /dev/null\nif [ $? != 0 ] ; then\n    # print error to STDERR\n    echo \"error: The sandbox is not in sync with the Podfile.lock. Run 'pod install' or update your CocoaPods installation.\" >&2\n    exit 1\nfi\n# This output is used by Xcode 'outputs' to avoid re-running this script phase.\necho \"SUCCESS\" > \"${SCRIPT_OUTPUT_FILE_0}\"\n";
			showEnvVarsInLog = 0;
		};
		AE864F964FE4772E52ECF1E3 /* [CP] Embed Pods Frameworks */ = {
			isa = PBXShellScriptBuildPhase;
			buildActionMask = 2147483647;
			files = (
			);
			inputFileListPaths = (
				"${PODS_ROOT}/Target Support Files/Pods-SearchCleanRx/Pods-SearchCleanRx-frameworks-${CONFIGURATION}-input-files.xcfilelist",
			);
			name = "[CP] Embed Pods Frameworks";
			outputFileListPaths = (
				"${PODS_ROOT}/Target Support Files/Pods-SearchCleanRx/Pods-SearchCleanRx-frameworks-${CONFIGURATION}-output-files.xcfilelist",
			);
			runOnlyForDeploymentPostprocessing = 0;
			shellPath = /bin/sh;
			shellScript = "\"${PODS_ROOT}/Target Support Files/Pods-SearchCleanRx/Pods-SearchCleanRx-frameworks.sh\"\n";
			showEnvVarsInLog = 0;
		};
		B3A752902F60E4C2200DEB4C /* [CP] Embed Pods Frameworks */ = {
			isa = PBXShellScriptBuildPhase;
			buildActionMask = 2147483647;
			files = (
			);
			inputFileListPaths = (
				"${PODS_ROOT}/Target Support Files/Pods-SearchCleanRx-SearchCleanRxUITests/Pods-SearchCleanRx-SearchCleanRxUITests-frameworks-${CONFIGURATION}-input-files.xcfilelist",
			);
			name = "[CP] Embed Pods Frameworks";
			outputFileListPaths = (
				"${PODS_ROOT}/Target Support Files/Pods-SearchCleanRx-SearchCleanRxUITests/Pods-SearchCleanRx-SearchCleanRxUITests-frameworks-${CONFIGURATION}-output-files.xcfilelist",
			);
			runOnlyForDeploymentPostprocessing = 0;
			shellPath = /bin/sh;
			shellScript = "\"${PODS_ROOT}/Target Support Files/Pods-SearchCleanRx-SearchCleanRxUITests/Pods-SearchCleanRx-SearchCleanRxUITests-frameworks.sh\"\n";
			showEnvVarsInLog = 0;
		};
		D56F9A3AD182675E74473336 /* [CP] Check Pods Manifest.lock */ = {
			isa = PBXShellScriptBuildPhase;
			buildActionMask = 2147483647;
			files = (
			);
			inputFileListPaths = (
			);
			inputPaths = (
				"${PODS_PODFILE_DIR_PATH}/Podfile.lock",
				"${PODS_ROOT}/Manifest.lock",
			);
			name = "[CP] Check Pods Manifest.lock";
			outputFileListPaths = (
			);
			outputPaths = (
				"$(DERIVED_FILE_DIR)/Pods-SearchCleanRx-checkManifestLockResult.txt",
			);
			runOnlyForDeploymentPostprocessing = 0;
			shellPath = /bin/sh;
			shellScript = "diff \"${PODS_PODFILE_DIR_PATH}/Podfile.lock\" \"${PODS_ROOT}/Manifest.lock\" > /dev/null\nif [ $? != 0 ] ; then\n    # print error to STDERR\n    echo \"error: The sandbox is not in sync with the Podfile.lock. Run 'pod install' or update your CocoaPods installation.\" >&2\n    exit 1\nfi\n# This output is used by Xcode 'outputs' to avoid re-running this script phase.\necho \"SUCCESS\" > \"${SCRIPT_OUTPUT_FILE_0}\"\n";
			showEnvVarsInLog = 0;
		};
		DA57E2427CD35B3F525DE468 /* [CP] Check Pods Manifest.lock */ = {
			isa = PBXShellScriptBuildPhase;
			buildActionMask = 2147483647;
			files = (
			);
			inputFileListPaths = (
			);
			inputPaths = (
				"${PODS_PODFILE_DIR_PATH}/Podfile.lock",
				"${PODS_ROOT}/Manifest.lock",
			);
			name = "[CP] Check Pods Manifest.lock";
			outputFileListPaths = (
			);
			outputPaths = (
				"$(DERIVED_FILE_DIR)/Pods-SearchCleanRx-SearchCleanRxUITests-checkManifestLockResult.txt",
			);
			runOnlyForDeploymentPostprocessing = 0;
			shellPath = /bin/sh;
			shellScript = "diff \"${PODS_PODFILE_DIR_PATH}/Podfile.lock\" \"${PODS_ROOT}/Manifest.lock\" > /dev/null\nif [ $? != 0 ] ; then\n    # print error to STDERR\n    echo \"error: The sandbox is not in sync with the Podfile.lock. Run 'pod install' or update your CocoaPods installation.\" >&2\n    exit 1\nfi\n# This output is used by Xcode 'outputs' to avoid re-running this script phase.\necho \"SUCCESS\" > \"${SCRIPT_OUTPUT_FILE_0}\"\n";
			showEnvVarsInLog = 0;
		};
/* End PBXShellScriptBuildPhase section */

/* Begin PBXSourcesBuildPhase section */
		8D9F9AB5267B2C76003EC752 /* Sources */ = {
			isa = PBXSourcesBuildPhase;
			buildActionMask = 2147483647;
			files = (
				8D166B4A267C6E7A00EA2D3B /* NetworkInfo.swift in Sources */,
				8D166AB0267C327200EA2D3B /* SearchUseCase.swift in Sources */,
				8D166B91267C78D500EA2D3B /* Encodable.swift in Sources */,
				8D9F9AC1267B2C76003EC752 /* SearchViewController.swift in Sources */,
				8D166B4B267C6E7A00EA2D3B /* Serviceable.swift in Sources */,
				8D9F9ABD267B2C76003EC752 /* AppDelegate.swift in Sources */,
				8D166AA1267C31D500EA2D3B /* SearchViewModel.swift in Sources */,
				8D72B09F268025A3009FB720 /* SearchResultViewModel.swift in Sources */,
				8D72B09726802595009FB720 /* SearchResultViewController.swift in Sources */,
				8D166B49267C6E7A00EA2D3B /* HttpMethod.swift in Sources */,
				8D166B26267C69E100EA2D3B /* SearchResult.swift in Sources */,
				8D166B90267C78D500EA2D3B /* Encoder.swift in Sources */,
				8D9F9ABF267B2C76003EC752 /* SceneDelegate.swift in Sources */,
				8D166AC7267C578F00EA2D3B /* ViewModelType.swift in Sources */,
				8D166B30267C6D7600EA2D3B /* SearchUseCaseNetwork.swift in Sources */,
				8D166B97267C793100EA2D3B /* Search.swift in Sources */,
			);
			runOnlyForDeploymentPostprocessing = 0;
		};
		8D9F9ACB267B2C77003EC752 /* Sources */ = {
			isa = PBXSourcesBuildPhase;
			buildActionMask = 2147483647;
			files = (
				8D9F9AD4267B2C77003EC752 /* SearchCleanRxTests.swift in Sources */,
			);
			runOnlyForDeploymentPostprocessing = 0;
		};
		8D9F9AD6267B2C77003EC752 /* Sources */ = {
			isa = PBXSourcesBuildPhase;
			buildActionMask = 2147483647;
			files = (
				8D9F9ADF267B2C77003EC752 /* SearchCleanRxUITests.swift in Sources */,
			);
			runOnlyForDeploymentPostprocessing = 0;
		};
/* End PBXSourcesBuildPhase section */

/* Begin PBXTargetDependency section */
		8D9F9AD1267B2C77003EC752 /* PBXTargetDependency */ = {
			isa = PBXTargetDependency;
			target = 8D9F9AB8267B2C76003EC752 /* SearchCleanRx */;
			targetProxy = 8D9F9AD0267B2C77003EC752 /* PBXContainerItemProxy */;
		};
		8D9F9ADC267B2C77003EC752 /* PBXTargetDependency */ = {
			isa = PBXTargetDependency;
			target = 8D9F9AB8267B2C76003EC752 /* SearchCleanRx */;
			targetProxy = 8D9F9ADB267B2C77003EC752 /* PBXContainerItemProxy */;
		};
/* End PBXTargetDependency section */

/* Begin PBXVariantGroup section */
		8D9F9AC2267B2C76003EC752 /* Main.storyboard */ = {
			isa = PBXVariantGroup;
			children = (
				8D9F9AC3267B2C76003EC752 /* Base */,
			);
			name = Main.storyboard;
			sourceTree = "<group>";
		};
		8D9F9AC7267B2C77003EC752 /* LaunchScreen.storyboard */ = {
			isa = PBXVariantGroup;
			children = (
				8D9F9AC8267B2C77003EC752 /* Base */,
			);
			name = LaunchScreen.storyboard;
			sourceTree = "<group>";
		};
/* End PBXVariantGroup section */

/* Begin XCBuildConfiguration section */
		8D9F9AE1267B2C77003EC752 /* Debug */ = {
			isa = XCBuildConfiguration;
			buildSettings = {
				ALWAYS_SEARCH_USER_PATHS = NO;
				CLANG_ANALYZER_NONNULL = YES;
				CLANG_ANALYZER_NUMBER_OBJECT_CONVERSION = YES_AGGRESSIVE;
				CLANG_CXX_LANGUAGE_STANDARD = "gnu++14";
				CLANG_CXX_LIBRARY = "libc++";
				CLANG_ENABLE_MODULES = YES;
				CLANG_ENABLE_OBJC_ARC = YES;
				CLANG_ENABLE_OBJC_WEAK = YES;
				CLANG_WARN_BLOCK_CAPTURE_AUTORELEASING = YES;
				CLANG_WARN_BOOL_CONVERSION = YES;
				CLANG_WARN_COMMA = YES;
				CLANG_WARN_CONSTANT_CONVERSION = YES;
				CLANG_WARN_DEPRECATED_OBJC_IMPLEMENTATIONS = YES;
				CLANG_WARN_DIRECT_OBJC_ISA_USAGE = YES_ERROR;
				CLANG_WARN_DOCUMENTATION_COMMENTS = YES;
				CLANG_WARN_EMPTY_BODY = YES;
				CLANG_WARN_ENUM_CONVERSION = YES;
				CLANG_WARN_INFINITE_RECURSION = YES;
				CLANG_WARN_INT_CONVERSION = YES;
				CLANG_WARN_NON_LITERAL_NULL_CONVERSION = YES;
				CLANG_WARN_OBJC_IMPLICIT_RETAIN_SELF = YES;
				CLANG_WARN_OBJC_LITERAL_CONVERSION = YES;
				CLANG_WARN_OBJC_ROOT_CLASS = YES_ERROR;
				CLANG_WARN_QUOTED_INCLUDE_IN_FRAMEWORK_HEADER = YES;
				CLANG_WARN_RANGE_LOOP_ANALYSIS = YES;
				CLANG_WARN_STRICT_PROTOTYPES = YES;
				CLANG_WARN_SUSPICIOUS_MOVE = YES;
				CLANG_WARN_UNGUARDED_AVAILABILITY = YES_AGGRESSIVE;
				CLANG_WARN_UNREACHABLE_CODE = YES;
				CLANG_WARN__DUPLICATE_METHOD_MATCH = YES;
				COPY_PHASE_STRIP = NO;
				DEBUG_INFORMATION_FORMAT = dwarf;
				ENABLE_STRICT_OBJC_MSGSEND = YES;
				ENABLE_TESTABILITY = YES;
				GCC_C_LANGUAGE_STANDARD = gnu11;
				GCC_DYNAMIC_NO_PIC = NO;
				GCC_NO_COMMON_BLOCKS = YES;
				GCC_OPTIMIZATION_LEVEL = 0;
				GCC_PREPROCESSOR_DEFINITIONS = (
					"DEBUG=1",
					"$(inherited)",
				);
				GCC_WARN_64_TO_32_BIT_CONVERSION = YES;
				GCC_WARN_ABOUT_RETURN_TYPE = YES_ERROR;
				GCC_WARN_UNDECLARED_SELECTOR = YES;
				GCC_WARN_UNINITIALIZED_AUTOS = YES_AGGRESSIVE;
				GCC_WARN_UNUSED_FUNCTION = YES;
				GCC_WARN_UNUSED_VARIABLE = YES;
				IPHONEOS_DEPLOYMENT_TARGET = 14.4;
				MTL_ENABLE_DEBUG_INFO = INCLUDE_SOURCE;
				MTL_FAST_MATH = YES;
				ONLY_ACTIVE_ARCH = YES;
				SDKROOT = iphoneos;
				SWIFT_ACTIVE_COMPILATION_CONDITIONS = DEBUG;
				SWIFT_OPTIMIZATION_LEVEL = "-Onone";
			};
			name = Debug;
		};
		8D9F9AE2267B2C77003EC752 /* Release */ = {
			isa = XCBuildConfiguration;
			buildSettings = {
				ALWAYS_SEARCH_USER_PATHS = NO;
				CLANG_ANALYZER_NONNULL = YES;
				CLANG_ANALYZER_NUMBER_OBJECT_CONVERSION = YES_AGGRESSIVE;
				CLANG_CXX_LANGUAGE_STANDARD = "gnu++14";
				CLANG_CXX_LIBRARY = "libc++";
				CLANG_ENABLE_MODULES = YES;
				CLANG_ENABLE_OBJC_ARC = YES;
				CLANG_ENABLE_OBJC_WEAK = YES;
				CLANG_WARN_BLOCK_CAPTURE_AUTORELEASING = YES;
				CLANG_WARN_BOOL_CONVERSION = YES;
				CLANG_WARN_COMMA = YES;
				CLANG_WARN_CONSTANT_CONVERSION = YES;
				CLANG_WARN_DEPRECATED_OBJC_IMPLEMENTATIONS = YES;
				CLANG_WARN_DIRECT_OBJC_ISA_USAGE = YES_ERROR;
				CLANG_WARN_DOCUMENTATION_COMMENTS = YES;
				CLANG_WARN_EMPTY_BODY = YES;
				CLANG_WARN_ENUM_CONVERSION = YES;
				CLANG_WARN_INFINITE_RECURSION = YES;
				CLANG_WARN_INT_CONVERSION = YES;
				CLANG_WARN_NON_LITERAL_NULL_CONVERSION = YES;
				CLANG_WARN_OBJC_IMPLICIT_RETAIN_SELF = YES;
				CLANG_WARN_OBJC_LITERAL_CONVERSION = YES;
				CLANG_WARN_OBJC_ROOT_CLASS = YES_ERROR;
				CLANG_WARN_QUOTED_INCLUDE_IN_FRAMEWORK_HEADER = YES;
				CLANG_WARN_RANGE_LOOP_ANALYSIS = YES;
				CLANG_WARN_STRICT_PROTOTYPES = YES;
				CLANG_WARN_SUSPICIOUS_MOVE = YES;
				CLANG_WARN_UNGUARDED_AVAILABILITY = YES_AGGRESSIVE;
				CLANG_WARN_UNREACHABLE_CODE = YES;
				CLANG_WARN__DUPLICATE_METHOD_MATCH = YES;
				COPY_PHASE_STRIP = NO;
				DEBUG_INFORMATION_FORMAT = "dwarf-with-dsym";
				ENABLE_NS_ASSERTIONS = NO;
				ENABLE_STRICT_OBJC_MSGSEND = YES;
				GCC_C_LANGUAGE_STANDARD = gnu11;
				GCC_NO_COMMON_BLOCKS = YES;
				GCC_WARN_64_TO_32_BIT_CONVERSION = YES;
				GCC_WARN_ABOUT_RETURN_TYPE = YES_ERROR;
				GCC_WARN_UNDECLARED_SELECTOR = YES;
				GCC_WARN_UNINITIALIZED_AUTOS = YES_AGGRESSIVE;
				GCC_WARN_UNUSED_FUNCTION = YES;
				GCC_WARN_UNUSED_VARIABLE = YES;
				IPHONEOS_DEPLOYMENT_TARGET = 14.4;
				MTL_ENABLE_DEBUG_INFO = NO;
				MTL_FAST_MATH = YES;
				SDKROOT = iphoneos;
				SWIFT_COMPILATION_MODE = wholemodule;
				SWIFT_OPTIMIZATION_LEVEL = "-O";
				VALIDATE_PRODUCT = YES;
			};
			name = Release;
		};
		8D9F9AE4267B2C77003EC752 /* Debug */ = {
			isa = XCBuildConfiguration;
			baseConfigurationReference = DD4B29DC73F88D1E307E969C /* Pods-SearchCleanRx.debug.xcconfig */;
			buildSettings = {
				ASSETCATALOG_COMPILER_APPICON_NAME = AppIcon;
				ASSETCATALOG_COMPILER_GLOBAL_ACCENT_COLOR_NAME = AccentColor;
				CODE_SIGN_STYLE = Automatic;
				DEVELOPMENT_TEAM = 6YDND8WP69;
				INFOPLIST_FILE = SearchCleanRx/App/Info.plist;
				LD_RUNPATH_SEARCH_PATHS = (
					"$(inherited)",
					"@executable_path/Frameworks",
				);
				PRODUCT_BUNDLE_IDENTIFIER = com.nali.SearchCleanRx;
				PRODUCT_NAME = "$(TARGET_NAME)";
				SWIFT_VERSION = 5.0;
				TARGETED_DEVICE_FAMILY = "1,2";
			};
			name = Debug;
		};
		8D9F9AE5267B2C77003EC752 /* Release */ = {
			isa = XCBuildConfiguration;
			baseConfigurationReference = D71B38FF1F2A0BA174333481 /* Pods-SearchCleanRx.release.xcconfig */;
			buildSettings = {
				ASSETCATALOG_COMPILER_APPICON_NAME = AppIcon;
				ASSETCATALOG_COMPILER_GLOBAL_ACCENT_COLOR_NAME = AccentColor;
				CODE_SIGN_STYLE = Automatic;
				DEVELOPMENT_TEAM = 6YDND8WP69;
				INFOPLIST_FILE = SearchCleanRx/App/Info.plist;
				LD_RUNPATH_SEARCH_PATHS = (
					"$(inherited)",
					"@executable_path/Frameworks",
				);
				PRODUCT_BUNDLE_IDENTIFIER = com.nali.SearchCleanRx;
				PRODUCT_NAME = "$(TARGET_NAME)";
				SWIFT_VERSION = 5.0;
				TARGETED_DEVICE_FAMILY = "1,2";
			};
			name = Release;
		};
		8D9F9AE7267B2C77003EC752 /* Debug */ = {
			isa = XCBuildConfiguration;
			baseConfigurationReference = 5C92A1BCA2575E2EE8D039EF /* Pods-SearchCleanRxTests.debug.xcconfig */;
			buildSettings = {
				ALWAYS_EMBED_SWIFT_STANDARD_LIBRARIES = YES;
				BUNDLE_LOADER = "$(TEST_HOST)";
				CODE_SIGN_STYLE = Automatic;
				DEVELOPMENT_TEAM = 6YDND8WP69;
				INFOPLIST_FILE = SearchCleanRxTests/Info.plist;
				IPHONEOS_DEPLOYMENT_TARGET = 14.4;
				LD_RUNPATH_SEARCH_PATHS = (
					"$(inherited)",
					"@executable_path/Frameworks",
					"@loader_path/Frameworks",
				);
				PRODUCT_BUNDLE_IDENTIFIER = com.nali.SearchCleanRxTests;
				PRODUCT_NAME = "$(TARGET_NAME)";
				SWIFT_VERSION = 5.0;
				TARGETED_DEVICE_FAMILY = "1,2";
				TEST_HOST = "$(BUILT_PRODUCTS_DIR)/SearchCleanRx.app/SearchCleanRx";
			};
			name = Debug;
		};
		8D9F9AE8267B2C77003EC752 /* Release */ = {
			isa = XCBuildConfiguration;
			baseConfigurationReference = B780AE7D075C69925C8C98C4 /* Pods-SearchCleanRxTests.release.xcconfig */;
			buildSettings = {
				ALWAYS_EMBED_SWIFT_STANDARD_LIBRARIES = YES;
				BUNDLE_LOADER = "$(TEST_HOST)";
				CODE_SIGN_STYLE = Automatic;
				DEVELOPMENT_TEAM = 6YDND8WP69;
				INFOPLIST_FILE = SearchCleanRxTests/Info.plist;
				IPHONEOS_DEPLOYMENT_TARGET = 14.4;
				LD_RUNPATH_SEARCH_PATHS = (
					"$(inherited)",
					"@executable_path/Frameworks",
					"@loader_path/Frameworks",
				);
				PRODUCT_BUNDLE_IDENTIFIER = com.nali.SearchCleanRxTests;
				PRODUCT_NAME = "$(TARGET_NAME)";
				SWIFT_VERSION = 5.0;
				TARGETED_DEVICE_FAMILY = "1,2";
				TEST_HOST = "$(BUILT_PRODUCTS_DIR)/SearchCleanRx.app/SearchCleanRx";
			};
			name = Release;
		};
		8D9F9AEA267B2C77003EC752 /* Debug */ = {
			isa = XCBuildConfiguration;
			baseConfigurationReference = 85269889C4C404B3FDC8AF26 /* Pods-SearchCleanRx-SearchCleanRxUITests.debug.xcconfig */;
			buildSettings = {
				ALWAYS_EMBED_SWIFT_STANDARD_LIBRARIES = YES;
				CODE_SIGN_STYLE = Automatic;
				DEVELOPMENT_TEAM = 6YDND8WP69;
				INFOPLIST_FILE = SearchCleanRxUITests/Info.plist;
				LD_RUNPATH_SEARCH_PATHS = (
					"$(inherited)",
					"@executable_path/Frameworks",
					"@loader_path/Frameworks",
				);
				PRODUCT_BUNDLE_IDENTIFIER = com.nali.SearchCleanRxUITests;
				PRODUCT_NAME = "$(TARGET_NAME)";
				SWIFT_VERSION = 5.0;
				TARGETED_DEVICE_FAMILY = "1,2";
				TEST_TARGET_NAME = SearchCleanRx;
			};
			name = Debug;
		};
		8D9F9AEB267B2C77003EC752 /* Release */ = {
			isa = XCBuildConfiguration;
			baseConfigurationReference = CBDC290CDB2E9AEB5DE54698 /* Pods-SearchCleanRx-SearchCleanRxUITests.release.xcconfig */;
			buildSettings = {
				ALWAYS_EMBED_SWIFT_STANDARD_LIBRARIES = YES;
				CODE_SIGN_STYLE = Automatic;
				DEVELOPMENT_TEAM = 6YDND8WP69;
				INFOPLIST_FILE = SearchCleanRxUITests/Info.plist;
				LD_RUNPATH_SEARCH_PATHS = (
					"$(inherited)",
					"@executable_path/Frameworks",
					"@loader_path/Frameworks",
				);
				PRODUCT_BUNDLE_IDENTIFIER = com.nali.SearchCleanRxUITests;
				PRODUCT_NAME = "$(TARGET_NAME)";
				SWIFT_VERSION = 5.0;
				TARGETED_DEVICE_FAMILY = "1,2";
				TEST_TARGET_NAME = SearchCleanRx;
			};
			name = Release;
		};
/* End XCBuildConfiguration section */

/* Begin XCConfigurationList section */
		8D9F9AB4267B2C76003EC752 /* Build configuration list for PBXProject "SearchCleanRx" */ = {
			isa = XCConfigurationList;
			buildConfigurations = (
				8D9F9AE1267B2C77003EC752 /* Debug */,
				8D9F9AE2267B2C77003EC752 /* Release */,
			);
			defaultConfigurationIsVisible = 0;
			defaultConfigurationName = Release;
		};
		8D9F9AE3267B2C77003EC752 /* Build configuration list for PBXNativeTarget "SearchCleanRx" */ = {
			isa = XCConfigurationList;
			buildConfigurations = (
				8D9F9AE4267B2C77003EC752 /* Debug */,
				8D9F9AE5267B2C77003EC752 /* Release */,
			);
			defaultConfigurationIsVisible = 0;
			defaultConfigurationName = Release;
		};
		8D9F9AE6267B2C77003EC752 /* Build configuration list for PBXNativeTarget "SearchCleanRxTests" */ = {
			isa = XCConfigurationList;
			buildConfigurations = (
				8D9F9AE7267B2C77003EC752 /* Debug */,
				8D9F9AE8267B2C77003EC752 /* Release */,
			);
			defaultConfigurationIsVisible = 0;
			defaultConfigurationName = Release;
		};
		8D9F9AE9267B2C77003EC752 /* Build configuration list for PBXNativeTarget "SearchCleanRxUITests" */ = {
			isa = XCConfigurationList;
			buildConfigurations = (
				8D9F9AEA267B2C77003EC752 /* Debug */,
				8D9F9AEB267B2C77003EC752 /* Release */,
			);
			defaultConfigurationIsVisible = 0;
			defaultConfigurationName = Release;
		};
/* End XCConfigurationList section */
	};
	rootObject = 8D9F9AB1267B2C76003EC752 /* Project object */;
}
